// !$*UTF8*$!
{
	archiveVersion = 1;
	classes = {
	};
	objectVersion = 42;
	objects = {

/* Begin PBXBuildFile section */
		F1DEA8840DDCD3710020EF10 /* mdaccelprefs.c in Sources */ = {isa = PBXBuildFile; fileRef = F1DEA8510DDCD3710020EF10 /* mdaccelprefs.c */; };
		F1DEA8850DDCD3710020EF10 /* mdapp.c in Sources */ = {isa = PBXBuildFile; fileRef = F1DEA8540DDCD3710020EF10 /* mdapp.c */; };
		F1DEA8860DDCD3710020EF10 /* mdappabout.c in Sources */ = {isa = PBXBuildFile; fileRef = F1DEA8560DDCD3710020EF10 /* mdappabout.c */; };
		F1DEA8870DDCD3710020EF10 /* mdappwindow.c in Sources */ = {isa = PBXBuildFile; fileRef = F1DEA8580DDCD3710020EF10 /* mdappwindow.c */; };
		F1DEA8880DDCD3710020EF10 /* mdasyncop.c in Sources */ = {isa = PBXBuildFile; fileRef = F1DEA85A0DDCD3710020EF10 /* mdasyncop.c */; };
		F1DEA8890DDCD3710020EF10 /* mddialogs.c in Sources */ = {isa = PBXBuildFile; fileRef = F1DEA85C0DDCD3710020EF10 /* mddialogs.c */; };
		F1DEA88A0DDCD3710020EF10 /* mddocument.c in Sources */ = {isa = PBXBuildFile; fileRef = F1DEA85F0DDCD3710020EF10 /* mddocument.c */; };
		F1DEA88B0DDCD3710020EF10 /* mdfileops.c in Sources */ = {isa = PBXBuildFile; fileRef = F1DEA8610DDCD3710020EF10 /* mdfileops.c */; };
		F1DEA88C0DDCD3710020EF10 /* mdmanager.c in Sources */ = {isa = PBXBuildFile; fileRef = F1DEA8650DDCD3710020EF10 /* mdmanager.c */; };
		F1DEA88D0DDCD3710020EF10 /* mdutils.c in Sources */ = {isa = PBXBuildFile; fileRef = F1DEA8690DDCD3710020EF10 /* mdutils.c */; };
		F1DEA88E0DDCD3710020EF10 /* mdview.c in Sources */ = {isa = PBXBuildFile; fileRef = F1DEA86C0DDCD3710020EF10 /* mdview.c */; };
		F1DEA88F0DDCD3710020EF10 /* mdwindow.c in Sources */ = {isa = PBXBuildFile; fileRef = F1DEA86F0DDCD3710020EF10 /* mdwindow.c */; };
		F1DEA8900DDCD3710020EF10 /* mooaccelbutton.c in Sources */ = {isa = PBXBuildFile; fileRef = F1DEA8710DDCD3710020EF10 /* mooaccelbutton.c */; };
		F1DEA8910DDCD3710020EF10 /* moohtml.c in Sources */ = {isa = PBXBuildFile; fileRef = F1DEA8740DDCD3710020EF10 /* moohtml.c */; };
		F1DEA8920DDCD3710020EF10 /* moolinklabel.c in Sources */ = {isa = PBXBuildFile; fileRef = F1DEA8760DDCD3710020EF10 /* moolinklabel.c */; };
		F1DEA8930DDCD3710020EF10 /* eggdesktopfile.c in Sources */ = {isa = PBXBuildFile; fileRef = F1DEA8790DDCD3710020EF10 /* eggdesktopfile.c */; };
		F1DEA8940DDCD3710020EF10 /* eggsmclient-dummy.c in Sources */ = {isa = PBXBuildFile; fileRef = F1DEA87B0DDCD3710020EF10 /* eggsmclient-dummy.c */; };
		F1DEA8950DDCD3710020EF10 /* eggsmclient-win32.c in Sources */ = {isa = PBXBuildFile; fileRef = F1DEA87E0DDCD3710020EF10 /* eggsmclient-win32.c */; };
		F1DEA8960DDCD3710020EF10 /* eggsmclient-xsmp.c in Sources */ = {isa = PBXBuildFile; fileRef = F1DEA87F0DDCD3710020EF10 /* eggsmclient-xsmp.c */; };
		F1DEA8970DDCD3710020EF10 /* eggsmclient.c in Sources */ = {isa = PBXBuildFile; fileRef = F1DEA8800DDCD3710020EF10 /* eggsmclient.c */; };
		F1F0AEA00DD6C661005EF77F /* libmoo.a in Frameworks */ = {isa = PBXBuildFile; fileRef = F1F0AE9F0DD6C655005EF77F /* libmoo.a */; };
		F1F0AEE20DD6C690005EF77F /* gapparser-yacc.c in Sources */ = {isa = PBXBuildFile; fileRef = F1F0AEA90DD6C68F005EF77F /* gapparser-yacc.c */; };
		F1F0AEE50DD6C690005EF77F /* gapparser.c in Sources */ = {isa = PBXBuildFile; fileRef = F1F0AEAC0DD6C68F005EF77F /* gapparser.c */; };
		F1F0AEEE0DD6C690005EF77F /* gapwscompletion.c in Sources */ = {isa = PBXBuildFile; fileRef = F1F0AEB50DD6C68F005EF77F /* gapwscompletion.c */; };
		F1F0AEF60DD6C690005EF77F /* ggap-i18n.c in Sources */ = {isa = PBXBuildFile; fileRef = F1F0AEBD0DD6C68F005EF77F /* ggap-i18n.c */; };
		F1F0AF120DD6C6DC005EF77F /* gapdoc.glade in Sources */ = {isa = PBXBuildFile; fileRef = F1F0AEC40DD6C68F005EF77F /* gapdoc.glade */; };
		F1F0AF130DD6C6DC005EF77F /* gapprefs.glade in Sources */ = {isa = PBXBuildFile; fileRef = F1F0AEC50DD6C68F005EF77F /* gapprefs.glade */; };
		F1F0AF140DD6C6DC005EF77F /* gapwsprefs.glade in Sources */ = {isa = PBXBuildFile; fileRef = F1F0AEC60DD6C68F005EF77F /* gapwsprefs.glade */; };
		F1F0AF150DD6C6DC005EF77F /* usermenu.glade in Sources */ = {isa = PBXBuildFile; fileRef = F1F0AEC70DD6C68F005EF77F /* usermenu.glade */; };
		F1F0AF8D0DD6C8C6005EF77F /* ggap.c in Sources */ = {isa = PBXBuildFile; fileRef = F1F0AF8C0DD6C8C6005EF77F /* ggap.c */; };
/* End PBXBuildFile section */

/* Begin PBXContainerItemProxy section */
		F1F0AE9C0DD6C655005EF77F /* PBXContainerItemProxy */ = {
			isa = PBXContainerItemProxy;
			containerPortal = F1F0AE970DD6C655005EF77F /* medit.xcodeproj */;
			proxyType = 2;
			remoteGlobalIDString = 8DD76FB20486AB0100D96B5E;
			remoteInfo = medit;
		};
		F1F0AE9E0DD6C655005EF77F /* PBXContainerItemProxy */ = {
			isa = PBXContainerItemProxy;
			containerPortal = F1F0AE970DD6C655005EF77F /* medit.xcodeproj */;
			proxyType = 2;
			remoteGlobalIDString = F15F79330DD641FC00DAEB2C;
			remoteInfo = libmoo;
		};
/* End PBXContainerItemProxy section */

/* Begin PBXFileReference section */
		8DD76FB20486AB0100D96B5E /* ggap */ = {isa = PBXFileReference; includeInIndex = 0; lastKnownFileType = "compiled.mach-o.executable"; path = ggap; sourceTree = BUILT_PRODUCTS_DIR; };
		F1DEA8480DDCD3710020EF10 /* mdaccelprefs.glade */ = {isa = PBXFileReference; fileEncoding = 4; lastKnownFileType = text.xml; path = mdaccelprefs.glade; sourceTree = "<group>"; };
		F1DEA8490DDCD3710020EF10 /* mdappabout.glade */ = {isa = PBXFileReference; fileEncoding = 4; lastKnownFileType = text.xml; path = mdappabout.glade; sourceTree = "<group>"; };
		F1DEA84A0DDCD3710020EF10 /* mdopenuri.glade */ = {isa = PBXFileReference; fileEncoding = 4; lastKnownFileType = text.xml; path = mdopenuri.glade; sourceTree = "<group>"; };
		F1DEA84B0DDCD3710020EF10 /* mdpasswddlg.glade */ = {isa = PBXFileReference; fileEncoding = 4; lastKnownFileType = text.xml; path = mdpasswddlg.glade; sourceTree = "<group>"; };
		F1DEA84C0DDCD3710020EF10 /* mdsavemult.glade */ = {isa = PBXFileReference; fileEncoding = 4; lastKnownFileType = text.xml; path = mdsavemult.glade; sourceTree = "<group>"; };
		F1DEA84D0DDCD3710020EF10 /* mooaccelbutton.glade */ = {isa = PBXFileReference; fileEncoding = 4; lastKnownFileType = text.xml; path = mooaccelbutton.glade; sourceTree = "<group>"; };
		F1DEA8510DDCD3710020EF10 /* mdaccelprefs.c */ = {isa = PBXFileReference; fileEncoding = 4; lastKnownFileType = sourcecode.c.c; path = mdaccelprefs.c; sourceTree = "<group>"; };
		F1DEA8520DDCD3710020EF10 /* mdaccelprefs.h */ = {isa = PBXFileReference; fileEncoding = 4; lastKnownFileType = sourcecode.c.h; path = mdaccelprefs.h; sourceTree = "<group>"; };
		F1DEA8530DDCD3710020EF10 /* mdapp-private.h */ = {isa = PBXFileReference; fileEncoding = 4; lastKnownFileType = sourcecode.c.h; path = "mdapp-private.h"; sourceTree = "<group>"; };
		F1DEA8540DDCD3710020EF10 /* mdapp.c */ = {isa = PBXFileReference; fileEncoding = 4; lastKnownFileType = sourcecode.c.c; path = mdapp.c; sourceTree = "<group>"; };
		F1DEA8550DDCD3710020EF10 /* mdapp.h */ = {isa = PBXFileReference; fileEncoding = 4; lastKnownFileType = sourcecode.c.h; path = mdapp.h; sourceTree = "<group>"; };
		F1DEA8560DDCD3710020EF10 /* mdappabout.c */ = {isa = PBXFileReference; fileEncoding = 4; lastKnownFileType = sourcecode.c.c; path = mdappabout.c; sourceTree = "<group>"; };
		F1DEA8570DDCD3710020EF10 /* mdappabout.h */ = {isa = PBXFileReference; fileEncoding = 4; lastKnownFileType = sourcecode.c.h; path = mdappabout.h; sourceTree = "<group>"; };
		F1DEA8580DDCD3710020EF10 /* mdappwindow.c */ = {isa = PBXFileReference; fileEncoding = 4; lastKnownFileType = sourcecode.c.c; path = mdappwindow.c; sourceTree = "<group>"; };
		F1DEA8590DDCD3710020EF10 /* mdappwindow.h */ = {isa = PBXFileReference; fileEncoding = 4; lastKnownFileType = sourcecode.c.h; path = mdappwindow.h; sourceTree = "<group>"; };
		F1DEA85A0DDCD3710020EF10 /* mdasyncop.c */ = {isa = PBXFileReference; fileEncoding = 4; lastKnownFileType = sourcecode.c.c; path = mdasyncop.c; sourceTree = "<group>"; };
		F1DEA85B0DDCD3710020EF10 /* mdasyncop.h */ = {isa = PBXFileReference; fileEncoding = 4; lastKnownFileType = sourcecode.c.h; path = mdasyncop.h; sourceTree = "<group>"; };
		F1DEA85C0DDCD3710020EF10 /* mddialogs.c */ = {isa = PBXFileReference; fileEncoding = 4; lastKnownFileType = sourcecode.c.c; path = mddialogs.c; sourceTree = "<group>"; };
		F1DEA85D0DDCD3710020EF10 /* mddialogs.h */ = {isa = PBXFileReference; fileEncoding = 4; lastKnownFileType = sourcecode.c.h; path = mddialogs.h; sourceTree = "<group>"; };
		F1DEA85E0DDCD3710020EF10 /* mddocument-private.h */ = {isa = PBXFileReference; fileEncoding = 4; lastKnownFileType = sourcecode.c.h; path = "mddocument-private.h"; sourceTree = "<group>"; };
		F1DEA85F0DDCD3710020EF10 /* mddocument.c */ = {isa = PBXFileReference; fileEncoding = 4; lastKnownFileType = sourcecode.c.c; path = mddocument.c; sourceTree = "<group>"; };
		F1DEA8600DDCD3710020EF10 /* mddocument.h */ = {isa = PBXFileReference; fileEncoding = 4; lastKnownFileType = sourcecode.c.h; path = mddocument.h; sourceTree = "<group>"; };
		F1DEA8610DDCD3710020EF10 /* mdfileops.c */ = {isa = PBXFileReference; fileEncoding = 4; lastKnownFileType = sourcecode.c.c; path = mdfileops.c; sourceTree = "<group>"; };
		F1DEA8620DDCD3710020EF10 /* mdfileops.c.orig */ = {isa = PBXFileReference; fileEncoding = 4; lastKnownFileType = text; path = mdfileops.c.orig; sourceTree = "<group>"; };
		F1DEA8630DDCD3710020EF10 /* mdfileops.h */ = {isa = PBXFileReference; fileEncoding = 4; lastKnownFileType = sourcecode.c.h; path = mdfileops.h; sourceTree = "<group>"; };
		F1DEA8640DDCD3710020EF10 /* mdmanager-private.h */ = {isa = PBXFileReference; fileEncoding = 4; lastKnownFileType = sourcecode.c.h; path = "mdmanager-private.h"; sourceTree = "<group>"; };
		F1DEA8650DDCD3710020EF10 /* mdmanager.c */ = {isa = PBXFileReference; fileEncoding = 4; lastKnownFileType = sourcecode.c.c; path = mdmanager.c; sourceTree = "<group>"; };
		F1DEA8660DDCD3710020EF10 /* mdmanager.h */ = {isa = PBXFileReference; fileEncoding = 4; lastKnownFileType = sourcecode.c.h; path = mdmanager.h; sourceTree = "<group>"; };
		F1DEA8670DDCD3710020EF10 /* mdprefs.h */ = {isa = PBXFileReference; fileEncoding = 4; lastKnownFileType = sourcecode.c.h; path = mdprefs.h; sourceTree = "<group>"; };
		F1DEA8680DDCD3710020EF10 /* mdtypes.h */ = {isa = PBXFileReference; fileEncoding = 4; lastKnownFileType = sourcecode.c.h; path = mdtypes.h; sourceTree = "<group>"; };
		F1DEA8690DDCD3710020EF10 /* mdutils.c */ = {isa = PBXFileReference; fileEncoding = 4; lastKnownFileType = sourcecode.c.c; path = mdutils.c; sourceTree = "<group>"; };
		F1DEA86A0DDCD3710020EF10 /* mdutils.h */ = {isa = PBXFileReference; fileEncoding = 4; lastKnownFileType = sourcecode.c.h; path = mdutils.h; sourceTree = "<group>"; };
		F1DEA86B0DDCD3710020EF10 /* mdview-private.h */ = {isa = PBXFileReference; fileEncoding = 4; lastKnownFileType = sourcecode.c.h; path = "mdview-private.h"; sourceTree = "<group>"; };
		F1DEA86C0DDCD3710020EF10 /* mdview.c */ = {isa = PBXFileReference; fileEncoding = 4; lastKnownFileType = sourcecode.c.c; path = mdview.c; sourceTree = "<group>"; };
		F1DEA86D0DDCD3710020EF10 /* mdview.h */ = {isa = PBXFileReference; fileEncoding = 4; lastKnownFileType = sourcecode.c.h; path = mdview.h; sourceTree = "<group>"; };
		F1DEA86E0DDCD3710020EF10 /* mdwindow-private.h */ = {isa = PBXFileReference; fileEncoding = 4; lastKnownFileType = sourcecode.c.h; path = "mdwindow-private.h"; sourceTree = "<group>"; };
		F1DEA86F0DDCD3710020EF10 /* mdwindow.c */ = {isa = PBXFileReference; fileEncoding = 4; lastKnownFileType = sourcecode.c.c; path = mdwindow.c; sourceTree = "<group>"; };
		F1DEA8700DDCD3710020EF10 /* mdwindow.h */ = {isa = PBXFileReference; fileEncoding = 4; lastKnownFileType = sourcecode.c.h; path = mdwindow.h; sourceTree = "<group>"; };
		F1DEA8710DDCD3710020EF10 /* mooaccelbutton.c */ = {isa = PBXFileReference; fileEncoding = 4; lastKnownFileType = sourcecode.c.c; path = mooaccelbutton.c; sourceTree = "<group>"; };
		F1DEA8720DDCD3710020EF10 /* mooaccelbutton.h */ = {isa = PBXFileReference; fileEncoding = 4; lastKnownFileType = sourcecode.c.h; path = mooaccelbutton.h; sourceTree = "<group>"; };
		F1DEA8730DDCD3710020EF10 /* mooapp-accels.h */ = {isa = PBXFileReference; fileEncoding = 4; lastKnownFileType = sourcecode.c.h; path = "mooapp-accels.h"; sourceTree = "<group>"; };
		F1DEA8740DDCD3710020EF10 /* moohtml.c */ = {isa = PBXFileReference; fileEncoding = 4; lastKnownFileType = sourcecode.c.c; path = moohtml.c; sourceTree = "<group>"; };
		F1DEA8750DDCD3710020EF10 /* moohtml.h */ = {isa = PBXFileReference; fileEncoding = 4; lastKnownFileType = sourcecode.c.h; path = moohtml.h; sourceTree = "<group>"; };
		F1DEA8760DDCD3710020EF10 /* moolinklabel.c */ = {isa = PBXFileReference; fileEncoding = 4; lastKnownFileType = sourcecode.c.c; path = moolinklabel.c; sourceTree = "<group>"; };
		F1DEA8770DDCD3710020EF10 /* moolinklabel.h */ = {isa = PBXFileReference; fileEncoding = 4; lastKnownFileType = sourcecode.c.h; path = moolinklabel.h; sourceTree = "<group>"; };
		F1DEA8790DDCD3710020EF10 /* eggdesktopfile.c */ = {isa = PBXFileReference; fileEncoding = 4; lastKnownFileType = sourcecode.c.c; path = eggdesktopfile.c; sourceTree = "<group>"; };
		F1DEA87A0DDCD3710020EF10 /* eggdesktopfile.h */ = {isa = PBXFileReference; fileEncoding = 4; lastKnownFileType = sourcecode.c.h; path = eggdesktopfile.h; sourceTree = "<group>"; };
		F1DEA87B0DDCD3710020EF10 /* eggsmclient-dummy.c */ = {isa = PBXFileReference; fileEncoding = 4; lastKnownFileType = sourcecode.c.c; path = "eggsmclient-dummy.c"; sourceTree = "<group>"; };
		F1DEA87C0DDCD3710020EF10 /* eggsmclient-mangle.h */ = {isa = PBXFileReference; fileEncoding = 4; lastKnownFileType = sourcecode.c.h; path = "eggsmclient-mangle.h"; sourceTree = "<group>"; };
		F1DEA87D0DDCD3710020EF10 /* eggsmclient-private.h */ = {isa = PBXFileReference; fileEncoding = 4; lastKnownFileType = sourcecode.c.h; path = "eggsmclient-private.h"; sourceTree = "<group>"; };
		F1DEA87E0DDCD3710020EF10 /* eggsmclient-win32.c */ = {isa = PBXFileReference; fileEncoding = 4; lastKnownFileType = sourcecode.c.c; path = "eggsmclient-win32.c"; sourceTree = "<group>"; };
		F1DEA87F0DDCD3710020EF10 /* eggsmclient-xsmp.c */ = {isa = PBXFileReference; fileEncoding = 4; lastKnownFileType = sourcecode.c.c; path = "eggsmclient-xsmp.c"; sourceTree = "<group>"; };
		F1DEA8800DDCD3710020EF10 /* eggsmclient.c */ = {isa = PBXFileReference; fileEncoding = 4; lastKnownFileType = sourcecode.c.c; path = eggsmclient.c; sourceTree = "<group>"; };
		F1DEA8810DDCD3710020EF10 /* eggsmclient.h */ = {isa = PBXFileReference; fileEncoding = 4; lastKnownFileType = sourcecode.c.h; path = eggsmclient.h; sourceTree = "<group>"; };
		F1DEA8820DDCD3710020EF10 /* Makefile.am */ = {isa = PBXFileReference; fileEncoding = 4; lastKnownFileType = text; path = Makefile.am; sourceTree = "<group>"; };
		F1DEA8830DDCD3710020EF10 /* Makefile.in */ = {isa = PBXFileReference; fileEncoding = 4; lastKnownFileType = text; path = Makefile.in; sourceTree = "<group>"; };
		F1F0AE970DD6C655005EF77F /* medit.xcodeproj */ = {isa = PBXFileReference; lastKnownFileType = "wrapper.pb-project"; name = medit.xcodeproj; path = ../../moo/xcode/medit.xcodeproj; sourceTree = SOURCE_ROOT; };
		F1F0AEA30DD6C68F005EF77F /* gap.h */ = {isa = PBXFileReference; fileEncoding = 4; lastKnownFileType = sourcecode.c.h; name = gap.h; path = ../ggap/gap.h; sourceTree = SOURCE_ROOT; };
		F1F0AEA50DD6C68F005EF77F /* gapapp.h */ = {isa = PBXFileReference; fileEncoding = 4; lastKnownFileType = sourcecode.c.h; name = gapapp.h; path = ../ggap/gapapp.h; sourceTree = SOURCE_ROOT; };
		F1F0AEA70DD6C68F005EF77F /* gapeditwindow.h */ = {isa = PBXFileReference; fileEncoding = 4; lastKnownFileType = sourcecode.c.h; name = gapeditwindow.h; path = ../ggap/gapeditwindow.h; sourceTree = SOURCE_ROOT; };
		F1F0AEA80DD6C68F005EF77F /* gapparser-priv.h */ = {isa = PBXFileReference; fileEncoding = 4; lastKnownFileType = sourcecode.c.h; name = "gapparser-priv.h"; path = "../ggap/gapparser-priv.h"; sourceTree = SOURCE_ROOT; };
		F1F0AEA90DD6C68F005EF77F /* gapparser-yacc.c */ = {isa = PBXFileReference; fileEncoding = 4; lastKnownFileType = sourcecode.c.c; name = "gapparser-yacc.c"; path = "../ggap/gapparser-yacc.c"; sourceTree = SOURCE_ROOT; };
		F1F0AEAA0DD6C68F005EF77F /* gapparser-yacc.h */ = {isa = PBXFileReference; fileEncoding = 4; lastKnownFileType = sourcecode.c.h; name = "gapparser-yacc.h"; path = "../ggap/gapparser-yacc.h"; sourceTree = SOURCE_ROOT; };
		F1F0AEAC0DD6C68F005EF77F /* gapparser.c */ = {isa = PBXFileReference; fileEncoding = 4; lastKnownFileType = sourcecode.c.c; name = gapparser.c; path = ../ggap/gapparser.c; sourceTree = SOURCE_ROOT; };
		F1F0AEAD0DD6C68F005EF77F /* gapparser.h */ = {isa = PBXFileReference; fileEncoding = 4; lastKnownFileType = sourcecode.c.h; name = gapparser.h; path = ../ggap/gapparser.h; sourceTree = SOURCE_ROOT; };
		F1F0AEAF0DD6C68F005EF77F /* gapterm.h */ = {isa = PBXFileReference; fileEncoding = 4; lastKnownFileType = sourcecode.c.h; name = gapterm.h; path = ../ggap/gapterm.h; sourceTree = SOURCE_ROOT; };
		F1F0AEB00DD6C68F005EF77F /* gaptermwindow.ui */ = {isa = PBXFileReference; fileEncoding = 4; lastKnownFileType = text; name = gaptermwindow.ui; path = ../ggap/gaptermwindow.ui; sourceTree = SOURCE_ROOT; };
		F1F0AEB20DD6C68F005EF77F /* gaptermwindow.h */ = {isa = PBXFileReference; fileEncoding = 4; lastKnownFileType = sourcecode.c.h; name = gaptermwindow.h; path = ../ggap/gaptermwindow.h; sourceTree = SOURCE_ROOT; };
		F1F0AEB40DD6C68F005EF77F /* gapworksheet.h */ = {isa = PBXFileReference; fileEncoding = 4; lastKnownFileType = sourcecode.c.h; name = gapworksheet.h; path = ../ggap/gapworksheet.h; sourceTree = SOURCE_ROOT; };
		F1F0AEB50DD6C68F005EF77F /* gapwscompletion.c */ = {isa = PBXFileReference; fileEncoding = 4; lastKnownFileType = sourcecode.c.c; name = gapwscompletion.c; path = ../ggap/gapwscompletion.c; sourceTree = SOURCE_ROOT; };
		F1F0AEB60DD6C68F005EF77F /* gapwscompletion.h */ = {isa = PBXFileReference; fileEncoding = 4; lastKnownFileType = sourcecode.c.h; name = gapwscompletion.h; path = ../ggap/gapwscompletion.h; sourceTree = SOURCE_ROOT; };
		F1F0AEB80DD6C68F005EF77F /* gapwsview.h */ = {isa = PBXFileReference; fileEncoding = 4; lastKnownFileType = sourcecode.c.h; name = gapwsview.h; path = ../ggap/gapwsview.h; sourceTree = SOURCE_ROOT; };
		F1F0AEB90DD6C68F005EF77F /* gapwswindow.ui */ = {isa = PBXFileReference; fileEncoding = 4; lastKnownFileType = text; name = gapwswindow.ui; path = ../ggap/gapwswindow.ui; sourceTree = SOURCE_ROOT; };
		F1F0AEBB0DD6C68F005EF77F /* gapwswindow.h */ = {isa = PBXFileReference; fileEncoding = 4; lastKnownFileType = sourcecode.c.h; name = gapwswindow.h; path = ../ggap/gapwswindow.h; sourceTree = SOURCE_ROOT; };
		F1F0AEBD0DD6C68F005EF77F /* ggap-i18n.c */ = {isa = PBXFileReference; fileEncoding = 4; lastKnownFileType = sourcecode.c.c; name = "ggap-i18n.c"; path = "../ggap/ggap-i18n.c"; sourceTree = SOURCE_ROOT; };
		F1F0AEBE0DD6C68F005EF77F /* ggap-i18n.h */ = {isa = PBXFileReference; fileEncoding = 4; lastKnownFileType = sourcecode.c.h; name = "ggap-i18n.h"; path = "../ggap/ggap-i18n.h"; sourceTree = SOURCE_ROOT; };
		F1F0AEC20DD6C68F005EF77F /* ggapfile.h */ = {isa = PBXFileReference; fileEncoding = 4; lastKnownFileType = sourcecode.c.h; name = ggapfile.h; path = ../ggap/ggapfile.h; sourceTree = SOURCE_ROOT; };
		F1F0AEC40DD6C68F005EF77F /* gapdoc.glade */ = {isa = PBXFileReference; fileEncoding = 4; lastKnownFileType = text.xml; path = gapdoc.glade; sourceTree = "<group>"; };
		F1F0AEC50DD6C68F005EF77F /* gapprefs.glade */ = {isa = PBXFileReference; fileEncoding = 4; lastKnownFileType = text.xml; path = gapprefs.glade; sourceTree = "<group>"; };
		F1F0AEC60DD6C68F005EF77F /* gapwsprefs.glade */ = {isa = PBXFileReference; fileEncoding = 4; lastKnownFileType = text.xml; path = gapwsprefs.glade; sourceTree = "<group>"; };
		F1F0AEC70DD6C68F005EF77F /* usermenu.glade */ = {isa = PBXFileReference; fileEncoding = 4; lastKnownFileType = text.xml; path = usermenu.glade; sourceTree = "<group>"; };
		F1F0AF230DD6C702005EF77F /* config.h */ = {isa = PBXFileReference; fileEncoding = 4; lastKnownFileType = sourcecode.c.h; path = config.h; sourceTree = "<group>"; };
		F1F0AF8C0DD6C8C6005EF77F /* ggap.c */ = {isa = PBXFileReference; fileEncoding = 4; lastKnownFileType = sourcecode.c.c; name = ggap.c; path = ../ggap/ggap.c; sourceTree = SOURCE_ROOT; };
/* End PBXFileReference section */

/* Begin PBXFrameworksBuildPhase section */
		8DD76FAD0486AB0100D96B5E /* Frameworks */ = {
			isa = PBXFrameworksBuildPhase;
			buildActionMask = 2147483647;
			files = (
				F1F0AEA00DD6C661005EF77F /* libmoo.a in Frameworks */,
			);
			runOnlyForDeploymentPostprocessing = 0;
		};
/* End PBXFrameworksBuildPhase section */

/* Begin PBXGroup section */
		08FB7794FE84155DC02AAC07 /* ggap */ = {
			isa = PBXGroup;
			children = (
				F1F0AF8C0DD6C8C6005EF77F /* ggap.c */,
				F1F0AE970DD6C655005EF77F /* medit.xcodeproj */,
				08FB7795FE84155DC02AAC07 /* Source */,
				C6A0FF2B0290797F04C91782 /* Documentation */,
				1AB674ADFE9D54B511CA2CBB /* Products */,
			);
			name = ggap;
			sourceTree = "<group>";
		};
		08FB7795FE84155DC02AAC07 /* Source */ = {
			isa = PBXGroup;
			children = (
				F1DEA8460DDCD3710020EF10 /* mooui */,
				F1F0AF230DD6C702005EF77F /* config.h */,
				F1F0AEA30DD6C68F005EF77F /* gap.h */,
				F1F0AEA50DD6C68F005EF77F /* gapapp.h */,
				F1F0AEA70DD6C68F005EF77F /* gapeditwindow.h */,
				F1F0AEA80DD6C68F005EF77F /* gapparser-priv.h */,
				F1F0AEA90DD6C68F005EF77F /* gapparser-yacc.c */,
				F1F0AEAA0DD6C68F005EF77F /* gapparser-yacc.h */,
				F1F0AEAC0DD6C68F005EF77F /* gapparser.c */,
				F1F0AEAD0DD6C68F005EF77F /* gapparser.h */,
				F1F0AEAF0DD6C68F005EF77F /* gapterm.h */,
				F1F0AEB00DD6C68F005EF77F /* gaptermwindow.ui */,
				F1F0AEB20DD6C68F005EF77F /* gaptermwindow.h */,
				F1F0AEB40DD6C68F005EF77F /* gapworksheet.h */,
				F1F0AEB50DD6C68F005EF77F /* gapwscompletion.c */,
				F1F0AEB60DD6C68F005EF77F /* gapwscompletion.h */,
				F1F0AEB80DD6C68F005EF77F /* gapwsview.h */,
				F1F0AEB90DD6C68F005EF77F /* gapwswindow.ui */,
				F1F0AEBB0DD6C68F005EF77F /* gapwswindow.h */,
				F1F0AEBD0DD6C68F005EF77F /* ggap-i18n.c */,
				F1F0AEBE0DD6C68F005EF77F /* ggap-i18n.h */,
				F1F0AEC20DD6C68F005EF77F /* ggapfile.h */,
				F1F0AEC30DD6C68F005EF77F /* glade */,
			);
			name = Source;
			sourceTree = "<group>";
		};
		1AB674ADFE9D54B511CA2CBB /* Products */ = {
			isa = PBXGroup;
			children = (
				8DD76FB20486AB0100D96B5E /* ggap */,
			);
			name = Products;
			sourceTree = "<group>";
		};
		C6A0FF2B0290797F04C91782 /* Documentation */ = {
			isa = PBXGroup;
			children = (
			);
			name = Documentation;
			sourceTree = "<group>";
		};
		F1DEA8460DDCD3710020EF10 /* mooui */ = {
			isa = PBXGroup;
			children = (
				F1DEA8470DDCD3710020EF10 /* glade */,
				F1DEA8510DDCD3710020EF10 /* mdaccelprefs.c */,
				F1DEA8520DDCD3710020EF10 /* mdaccelprefs.h */,
				F1DEA8530DDCD3710020EF10 /* mdapp-private.h */,
				F1DEA8540DDCD3710020EF10 /* mdapp.c */,
				F1DEA8550DDCD3710020EF10 /* mdapp.h */,
				F1DEA8560DDCD3710020EF10 /* mdappabout.c */,
				F1DEA8570DDCD3710020EF10 /* mdappabout.h */,
				F1DEA8580DDCD3710020EF10 /* mdappwindow.c */,
				F1DEA8590DDCD3710020EF10 /* mdappwindow.h */,
				F1DEA85A0DDCD3710020EF10 /* mdasyncop.c */,
				F1DEA85B0DDCD3710020EF10 /* mdasyncop.h */,
				F1DEA85C0DDCD3710020EF10 /* mddialogs.c */,
				F1DEA85D0DDCD3710020EF10 /* mddialogs.h */,
				F1DEA85E0DDCD3710020EF10 /* mddocument-private.h */,
				F1DEA85F0DDCD3710020EF10 /* mddocument.c */,
				F1DEA8600DDCD3710020EF10 /* mddocument.h */,
				F1DEA8610DDCD3710020EF10 /* mdfileops.c */,
				F1DEA8620DDCD3710020EF10 /* mdfileops.c.orig */,
				F1DEA8630DDCD3710020EF10 /* mdfileops.h */,
				F1DEA8640DDCD3710020EF10 /* mdmanager-private.h */,
				F1DEA8650DDCD3710020EF10 /* mdmanager.c */,
				F1DEA8660DDCD3710020EF10 /* mdmanager.h */,
				F1DEA8670DDCD3710020EF10 /* mdprefs.h */,
				F1DEA8680DDCD3710020EF10 /* mdtypes.h */,
				F1DEA8690DDCD3710020EF10 /* mdutils.c */,
				F1DEA86A0DDCD3710020EF10 /* mdutils.h */,
				F1DEA86B0DDCD3710020EF10 /* mdview-private.h */,
				F1DEA86C0DDCD3710020EF10 /* mdview.c */,
				F1DEA86D0DDCD3710020EF10 /* mdview.h */,
				F1DEA86E0DDCD3710020EF10 /* mdwindow-private.h */,
				F1DEA86F0DDCD3710020EF10 /* mdwindow.c */,
				F1DEA8700DDCD3710020EF10 /* mdwindow.h */,
				F1DEA8710DDCD3710020EF10 /* mooaccelbutton.c */,
				F1DEA8720DDCD3710020EF10 /* mooaccelbutton.h */,
				F1DEA8730DDCD3710020EF10 /* mooapp-accels.h */,
				F1DEA8740DDCD3710020EF10 /* moohtml.c */,
				F1DEA8750DDCD3710020EF10 /* moohtml.h */,
				F1DEA8760DDCD3710020EF10 /* moolinklabel.c */,
				F1DEA8770DDCD3710020EF10 /* moolinklabel.h */,
				F1DEA8780DDCD3710020EF10 /* smclient */,
			);
			name = mooui;
			path = "../moo-newdoc/mooui";
			sourceTree = SOURCE_ROOT;
		};
		F1DEA8470DDCD3710020EF10 /* glade */ = {
			isa = PBXGroup;
			children = (
				F1DEA8480DDCD3710020EF10 /* mdaccelprefs.glade */,
				F1DEA8490DDCD3710020EF10 /* mdappabout.glade */,
				F1DEA84A0DDCD3710020EF10 /* mdopenuri.glade */,
				F1DEA84B0DDCD3710020EF10 /* mdpasswddlg.glade */,
				F1DEA84C0DDCD3710020EF10 /* mdsavemult.glade */,
				F1DEA84D0DDCD3710020EF10 /* mooaccelbutton.glade */,
			);
			path = glade;
			sourceTree = "<group>";
		};
		F1DEA8780DDCD3710020EF10 /* smclient */ = {
			isa = PBXGroup;
			children = (
				F1DEA8790DDCD3710020EF10 /* eggdesktopfile.c */,
				F1DEA87A0DDCD3710020EF10 /* eggdesktopfile.h */,
				F1DEA87B0DDCD3710020EF10 /* eggsmclient-dummy.c */,
				F1DEA87C0DDCD3710020EF10 /* eggsmclient-mangle.h */,
				F1DEA87D0DDCD3710020EF10 /* eggsmclient-private.h */,
				F1DEA87E0DDCD3710020EF10 /* eggsmclient-win32.c */,
				F1DEA87F0DDCD3710020EF10 /* eggsmclient-xsmp.c */,
				F1DEA8800DDCD3710020EF10 /* eggsmclient.c */,
				F1DEA8810DDCD3710020EF10 /* eggsmclient.h */,
				F1DEA8820DDCD3710020EF10 /* Makefile.am */,
				F1DEA8830DDCD3710020EF10 /* Makefile.in */,
			);
			path = smclient;
			sourceTree = "<group>";
		};
		F1F0AE980DD6C655005EF77F /* Products */ = {
			isa = PBXGroup;
			children = (
				F1F0AE9D0DD6C655005EF77F /* medit */,
				F1F0AE9F0DD6C655005EF77F /* libmoo.a */,
			);
			name = Products;
			sourceTree = "<group>";
		};
		F1F0AEC30DD6C68F005EF77F /* glade */ = {
			isa = PBXGroup;
			children = (
				F1F0AEC40DD6C68F005EF77F /* gapdoc.glade */,
				F1F0AEC50DD6C68F005EF77F /* gapprefs.glade */,
				F1F0AEC60DD6C68F005EF77F /* gapwsprefs.glade */,
				F1F0AEC70DD6C68F005EF77F /* usermenu.glade */,
			);
			name = glade;
			path = ../ggap/glade;
			sourceTree = SOURCE_ROOT;
		};
/* End PBXGroup section */

/* Begin PBXNativeTarget section */
		8DD76FA90486AB0100D96B5E /* ggap */ = {
			isa = PBXNativeTarget;
			buildConfigurationList = 1DEB928508733DD80010E9CD /* Build configuration list for PBXNativeTarget "ggap" */;
			buildPhases = (
				8DD76FAB0486AB0100D96B5E /* Sources */,
				8DD76FAD0486AB0100D96B5E /* Frameworks */,
			);
			buildRules = (
			);
			dependencies = (
			);
			name = ggap;
			productInstallPath = "$(HOME)/bin";
			productName = ggap;
			productReference = 8DD76FB20486AB0100D96B5E /* ggap */;
			productType = "com.apple.product-type.tool";
		};
/* End PBXNativeTarget section */

/* Begin PBXProject section */
		08FB7793FE84155DC02AAC07 /* Project object */ = {
			isa = PBXProject;
			buildConfigurationList = 1DEB928908733DD80010E9CD /* Build configuration list for PBXProject "ggap" */;
			hasScannedForEncodings = 1;
			mainGroup = 08FB7794FE84155DC02AAC07 /* ggap */;
			projectDirPath = "";
			projectReferences = (
				{
					ProductGroup = F1F0AE980DD6C655005EF77F /* Products */;
					ProjectRef = F1F0AE970DD6C655005EF77F /* medit.xcodeproj */;
				},
			);
			targets = (
				8DD76FA90486AB0100D96B5E /* ggap */,
			);
		};
/* End PBXProject section */

/* Begin PBXReferenceProxy section */
		F1F0AE9D0DD6C655005EF77F /* medit */ = {
			isa = PBXReferenceProxy;
			fileType = "compiled.mach-o.executable";
			path = medit;
			remoteRef = F1F0AE9C0DD6C655005EF77F /* PBXContainerItemProxy */;
			sourceTree = BUILT_PRODUCTS_DIR;
		};
		F1F0AE9F0DD6C655005EF77F /* libmoo.a */ = {
			isa = PBXReferenceProxy;
			fileType = archive.ar;
			path = libmoo.a;
			remoteRef = F1F0AE9E0DD6C655005EF77F /* PBXContainerItemProxy */;
			sourceTree = BUILT_PRODUCTS_DIR;
		};
/* End PBXReferenceProxy section */

/* Begin PBXSourcesBuildPhase section */
		8DD76FAB0486AB0100D96B5E /* Sources */ = {
			isa = PBXSourcesBuildPhase;
			buildActionMask = 2147483647;
			files = (
				F1F0AF120DD6C6DC005EF77F /* gapdoc.glade in Sources */,
				F1F0AF130DD6C6DC005EF77F /* gapprefs.glade in Sources */,
				F1F0AF140DD6C6DC005EF77F /* gapwsprefs.glade in Sources */,
				F1F0AF150DD6C6DC005EF77F /* usermenu.glade in Sources */,
				F1F0AEE20DD6C690005EF77F /* gapparser-yacc.c in Sources */,
				F1F0AEE50DD6C690005EF77F /* gapparser.c in Sources */,
				F1F0AEEE0DD6C690005EF77F /* gapwscompletion.c in Sources */,
				F1F0AEF60DD6C690005EF77F /* ggap-i18n.c in Sources */,
				F1F0AF8D0DD6C8C6005EF77F /* ggap.c in Sources */,
				F1DEA8840DDCD3710020EF10 /* mdaccelprefs.c in Sources */,
				F1DEA8850DDCD3710020EF10 /* mdapp.c in Sources */,
				F1DEA8860DDCD3710020EF10 /* mdappabout.c in Sources */,
				F1DEA8870DDCD3710020EF10 /* mdappwindow.c in Sources */,
				F1DEA8880DDCD3710020EF10 /* mdasyncop.c in Sources */,
				F1DEA8890DDCD3710020EF10 /* mddialogs.c in Sources */,
				F1DEA88A0DDCD3710020EF10 /* mddocument.c in Sources */,
				F1DEA88B0DDCD3710020EF10 /* mdfileops.c in Sources */,
				F1DEA88C0DDCD3710020EF10 /* mdmanager.c in Sources */,
				F1DEA88D0DDCD3710020EF10 /* mdutils.c in Sources */,
				F1DEA88E0DDCD3710020EF10 /* mdview.c in Sources */,
				F1DEA88F0DDCD3710020EF10 /* mdwindow.c in Sources */,
				F1DEA8900DDCD3710020EF10 /* mooaccelbutton.c in Sources */,
				F1DEA8910DDCD3710020EF10 /* moohtml.c in Sources */,
				F1DEA8920DDCD3710020EF10 /* moolinklabel.c in Sources */,
				F1DEA8930DDCD3710020EF10 /* eggdesktopfile.c in Sources */,
				F1DEA8940DDCD3710020EF10 /* eggsmclient-dummy.c in Sources */,
				F1DEA8950DDCD3710020EF10 /* eggsmclient-win32.c in Sources */,
				F1DEA8960DDCD3710020EF10 /* eggsmclient-xsmp.c in Sources */,
				F1DEA8970DDCD3710020EF10 /* eggsmclient.c in Sources */,
			);
			runOnlyForDeploymentPostprocessing = 0;
		};
/* End PBXSourcesBuildPhase section */

/* Begin XCBuildConfiguration section */
		1DEB928608733DD80010E9CD /* Debug */ = {
			isa = XCBuildConfiguration;
			buildSettings = {
				COPY_PHASE_STRIP = NO;
				GCC_DYNAMIC_NO_PIC = NO;
				GCC_ENABLE_FIX_AND_CONTINUE = YES;
				GCC_MODEL_TUNING = G5;
				GCC_OPTIMIZATION_LEVEL = 0;
				INSTALL_PATH = "$(HOME)/bin";
				PRODUCT_NAME = ggap;
				ZERO_LINK = YES;
			};
			name = Debug;
		};
		1DEB928708733DD80010E9CD /* Release */ = {
			isa = XCBuildConfiguration;
			buildSettings = {
				ARCHS = (
					ppc,
					i386,
				);
				GCC_GENERATE_DEBUGGING_SYMBOLS = NO;
				GCC_MODEL_TUNING = G5;
				INSTALL_PATH = "$(HOME)/bin";
				PRODUCT_NAME = ggap;
			};
			name = Release;
		};
		1DEB928A08733DD80010E9CD /* Debug */ = {
			isa = XCBuildConfiguration;
			buildSettings = {
				GCC_WARN_ABOUT_RETURN_TYPE = YES;
				GCC_WARN_UNUSED_VARIABLE = YES;
				HEADER_SEARCH_PATHS = (
					/opt/gtk/include/igemacintegration,
					"/opt/gtk/include/gtk-2.0",
					"/opt/gtk/include/glib-2.0",
					"/opt/gtk/include/atk-1.0",
					"/opt/gtk/include/pango-1.0",
					/opt/gtk/include/libxml2,
					/opt/gtk/include/cairo,
					"/opt/gtk/lib/glib-2.0/include",
					"/opt/gtk/lib/gtk-2.0/include",
					/opt/gtk/include,
				);
				PREBINDING = NO;
				SDKROOT = /Developer/SDKs/MacOSX10.4u.sdk;
				USER_HEADER_SEARCH_PATHS = ../moo/moo;
			};
			name = Debug;
		};
		1DEB928B08733DD80010E9CD /* Release */ = {
			isa = XCBuildConfiguration;
			buildSettings = {
				GCC_WARN_ABOUT_RETURN_TYPE = YES;
				GCC_WARN_UNUSED_VARIABLE = YES;
				HEADER_SEARCH_PATHS = (
					/opt/gtk/include/igemacintegration,
					"/opt/gtk/include/gtk-2.0",
					"/opt/gtk/include/glib-2.0",
					"/opt/gtk/include/atk-1.0",
					"/opt/gtk/include/pango-1.0",
					/opt/gtk/include/libxml2,
					/opt/gtk/include/cairo,
					"/opt/gtk/lib/glib-2.0/include",
					"/opt/gtk/lib/gtk-2.0/include",
					/opt/gtk/include,
				);
				PREBINDING = NO;
				SDKROOT = /Developer/SDKs/MacOSX10.4u.sdk;
				USER_HEADER_SEARCH_PATHS = ../moo/moo;
			};
			name = Release;
		};
/* End XCBuildConfiguration section */

/* Begin XCConfigurationList section */
		1DEB928508733DD80010E9CD /* Build configuration list for PBXNativeTarget "ggap" */ = {
			isa = XCConfigurationList;
			buildConfigurations = (
				1DEB928608733DD80010E9CD /* Debug */,
				1DEB928708733DD80010E9CD /* Release */,
			);
			defaultConfigurationIsVisible = 0;
			defaultConfigurationName = Release;
		};
		1DEB928908733DD80010E9CD /* Build configuration list for PBXProject "ggap" */ = {
			isa = XCConfigurationList;
			buildConfigurations = (
				1DEB928A08733DD80010E9CD /* Debug */,
				1DEB928B08733DD80010E9CD /* Release */,
			);
			defaultConfigurationIsVisible = 0;
			defaultConfigurationName = Release;
		};
/* End XCConfigurationList section */
	};
	rootObject = 08FB7793FE84155DC02AAC07 /* Project object */;
}
